
Microsoft Visual Studio Solution File, Format Version 12.00
# Visual Studio Version 17
VisualStudioVersion = 17.7.34018.315
MinimumVisualStudioVersion = 10.0.40219.1
Project("{FAE04EC0-301F-11D3-BF4B-00C04F79EFBC}") = "ContasApp.Presentation", "ContasApp.Presentation\ContasApp.Presentation.csproj", "{8812A9DA-7CF9-4271-A73C-57E4A8C29BC4}"
EndProject
Global
	GlobalSection(SolutionConfigurationPlatforms) = preSolution
		Debug|Any CPU = Debug|Any CPU
		Release|Any CPU = Release|Any CPU
	EndGlobalSection
	GlobalSection(ProjectConfigurationPlatforms) = postSolution
		{8812A9DA-7CF9-4271-A73C-57E4A8C29BC4}.Debug|Any CPU.ActiveCfg = Debug|Any CPU
		{8812A9DA-7CF9-4271-A73C-57E4A8C29BC4}.Debug|Any CPU.Build.0 = Debug|Any CPU
		{8812A9DA-7CF9-4271-A73C-57E4A8C29BC4}.Release|Any CPU.ActiveCfg = Release|Any CPU
		{8812A9DA-7CF9-4271-A73C-57E4A8C29BC4}.Release|Any CPU.Build.0 = Release|Any CPU
	EndGlobalSection
	GlobalSection(SolutionProperties) = preSolution
		HideSolutionNode = FALSE
	EndGlobalSection
	GlobalSection(ExtensibilityGlobals) = postSolution
		SolutionGuid = {519ECE22-5E12-4DCB-A765-7FE71F40DA18}
	EndGlobalSection
EndGlobal
